
Microsoft Visual Studio Solution File, Format Version 12.00
# Visual Studio Version 16
VisualStudioVersion = 16.0.30011.22
MinimumVisualStudioVersion = 10.0.40219.1
Project("{FAE04EC0-301F-11D3-BF4B-00C04F79EFBC}") = "OnboardingDashboard", "OnboardingDashboard\OnboardingDashboard.csproj", "{7AB1E1B9-FBED-42AA-8598-5FF135317629}"
EndProject
Global
	GlobalSection(SolutionConfigurationPlatforms) = preSolution
		Debug|Any CPU = Debug|Any CPU
		Release|Any CPU = Release|Any CPU
	EndGlobalSection
	GlobalSection(ProjectConfigurationPlatforms) = postSolution
		{7AB1E1B9-FBED-42AA-8598-5FF135317629}.Debug|Any CPU.ActiveCfg = Debug|Any CPU
		{7AB1E1B9-FBED-42AA-8598-5FF135317629}.Debug|Any CPU.Build.0 = Debug|Any CPU
		{7AB1E1B9-FBED-42AA-8598-5FF135317629}.Release|Any CPU.ActiveCfg = Release|Any CPU
		{7AB1E1B9-FBED-42AA-8598-5FF135317629}.Release|Any CPU.Build.0 = Release|Any CPU
	EndGlobalSection
	GlobalSection(SolutionProperties) = preSolution
		HideSolutionNode = FALSE
	EndGlobalSection
	GlobalSection(ExtensibilityGlobals) = postSolution
		SolutionGuid = {0754C30F-1362-4B41-B230-24430DF51DAF}
	EndGlobalSection
EndGlobal
